
Microsoft Visual Studio Solution File, Format Version 12.00
# Visual Studio Version 17
VisualStudioVersion = 17.8.34601.278
MinimumVisualStudioVersion = 10.0.40219.1
Project("{9A19103F-16F7-4668-BE54-9A1E7A4F7556}") = "AzureTableUtilities", "AzureTableUtilities\AzureTableUtilities.csproj", "{AB178BE5-5C5C-4EDD-B44F-FE175ECADF2B}"
EndProject
Project("{9A19103F-16F7-4668-BE54-9A1E7A4F7556}") = "AzureTableUtilitiesXUnitTest", "AzureTableUtilitiesXUnitTest\AzureTableUtilitiesXUnitTest.csproj", "{AFEE6E1E-EBC7-420B-ACF0-BCF9EC8A0852}"
EndProject
Project("{FAE04EC0-301F-11D3-BF4B-00C04F79EFBC}") = "AzureTableUtilitiesCLI", "AzureTableUtilitiesCLI\AzureTableUtilitiesCLI.csproj", "{67F0E345-53C2-4332-9B53-7B58BC4C3362}"
EndProject
Global
	GlobalSection(SolutionConfigurationPlatforms) = preSolution
		Debug|Any CPU = Debug|Any CPU
		Release|Any CPU = Release|Any CPU
	EndGlobalSection
	GlobalSection(ProjectConfigurationPlatforms) = postSolution
		{AB178BE5-5C5C-4EDD-B44F-FE175ECADF2B}.Debug|Any CPU.ActiveCfg = Debug|Any CPU
		{AB178BE5-5C5C-4EDD-B44F-FE175ECADF2B}.Debug|Any CPU.Build.0 = Debug|Any CPU
		{AB178BE5-5C5C-4EDD-B44F-FE175ECADF2B}.Release|Any CPU.ActiveCfg = Release|Any CPU
		{AB178BE5-5C5C-4EDD-B44F-FE175ECADF2B}.Release|Any CPU.Build.0 = Release|Any CPU
		{AFEE6E1E-EBC7-420B-ACF0-BCF9EC8A0852}.Debug|Any CPU.ActiveCfg = Debug|Any CPU
		{AFEE6E1E-EBC7-420B-ACF0-BCF9EC8A0852}.Debug|Any CPU.Build.0 = Debug|Any CPU
		{AFEE6E1E-EBC7-420B-ACF0-BCF9EC8A0852}.Release|Any CPU.ActiveCfg = Release|Any CPU
		{AFEE6E1E-EBC7-420B-ACF0-BCF9EC8A0852}.Release|Any CPU.Build.0 = Release|Any CPU
		{67F0E345-53C2-4332-9B53-7B58BC4C3362}.Debug|Any CPU.ActiveCfg = Debug|Any CPU
		{67F0E345-53C2-4332-9B53-7B58BC4C3362}.Debug|Any CPU.Build.0 = Debug|Any CPU
		{67F0E345-53C2-4332-9B53-7B58BC4C3362}.Release|Any CPU.ActiveCfg = Release|Any CPU
		{67F0E345-53C2-4332-9B53-7B58BC4C3362}.Release|Any CPU.Build.0 = Release|Any CPU
	EndGlobalSection
	GlobalSection(SolutionProperties) = preSolution
		HideSolutionNode = FALSE
	EndGlobalSection
	GlobalSection(ExtensibilityGlobals) = postSolution
		SolutionGuid = {D7BF469F-A60F-47B4-8CD7-198EE3F645CA}
	EndGlobalSection
EndGlobal
